
Microsoft Visual Studio Solution File, Format Version 12.00
# Visual Studio Version 17
VisualStudioVersion = 17.9.34728.123
MinimumVisualStudioVersion = 10.0.40219.1
Project("{9A19103F-16F7-4668-BE54-9A1E7A4F7556}") = "FootballWeatherDataConsolidator.Host", "src\FootballWeatherDataConsolidator.Host\FootballWeatherDataConsolidator.Host.csproj", "{C3F895E0-DBCD-4C67-8546-9ADB0BA82A4C}"
EndProject
Project("{9A19103F-16F7-4668-BE54-9A1E7A4F7556}") = "FootballWeatherDataConsolidator.Logic", "src\FootballWeatherDataConsolidator.Logic\FootballWeatherDataConsolidator.Logic.csproj", "{C88352C1-6B08-40BA-AC51-7B45B75C78F9}"
EndProject
Project("{9A19103F-16F7-4668-BE54-9A1E7A4F7556}") = "FootballWeatherDataConsolidator.Data", "src\FootballWeatherDataConsolidator.Data\FootballWeatherDataConsolidator.Data.csproj", "{9A659299-87E8-493E-9DB4-8D89F48D5A71}"
EndProject
Project("{2150E333-8FDC-42A3-9474-1A3956D46DE8}") = "Solution Items", "Solution Items", "{73663679-9D78-4EC9-9BCB-785AACE6E7BB}"
	ProjectSection(SolutionItems) = preProject
		.gitignore = .gitignore
		Games.csv = Games.csv
		Query Ideas = Query Ideas
		ReadMe.md = ReadMe.md
		Venues.csv = Venues.csv
	EndProjectSection
EndProject
Project("{2150E333-8FDC-42A3-9474-1A3956D46DE8}") = "src", "src", "{F13994EA-0262-4B97-8D00-20A14CE78C69}"
	ProjectSection(src) = preProject
	EndProjectSection
EndProject
Project("{9A19103F-16F7-4668-BE54-9A1E7A4F7556}") = "FootballWeatherDataConsolidator.Client", "src\FootballWeatherDataConsolidator.Client\FootballWeatherDataConsolidator.Client.csproj", "{FD915763-01AE-4490-B093-9D37380374CE}"
EndProject
Global
	GlobalSection(SolutionConfigurationPlatforms) = preSolution
		Debug|Any CPU = Debug|Any CPU
		Release|Any CPU = Release|Any CPU
	EndGlobalSection
	GlobalSection(ProjectConfigurationPlatforms) = postSolution
		{C3F895E0-DBCD-4C67-8546-9ADB0BA82A4C}.Debug|Any CPU.ActiveCfg = Debug|Any CPU
		{C3F895E0-DBCD-4C67-8546-9ADB0BA82A4C}.Debug|Any CPU.Build.0 = Debug|Any CPU
		{C3F895E0-DBCD-4C67-8546-9ADB0BA82A4C}.Release|Any CPU.ActiveCfg = Release|Any CPU
		{C3F895E0-DBCD-4C67-8546-9ADB0BA82A4C}.Release|Any CPU.Build.0 = Release|Any CPU
		{C88352C1-6B08-40BA-AC51-7B45B75C78F9}.Debug|Any CPU.ActiveCfg = Debug|Any CPU
		{C88352C1-6B08-40BA-AC51-7B45B75C78F9}.Debug|Any CPU.Build.0 = Debug|Any CPU
		{C88352C1-6B08-40BA-AC51-7B45B75C78F9}.Release|Any CPU.ActiveCfg = Release|Any CPU
		{C88352C1-6B08-40BA-AC51-7B45B75C78F9}.Release|Any CPU.Build.0 = Release|Any CPU
		{9A659299-87E8-493E-9DB4-8D89F48D5A71}.Debug|Any CPU.ActiveCfg = Debug|Any CPU
		{9A659299-87E8-493E-9DB4-8D89F48D5A71}.Debug|Any CPU.Build.0 = Debug|Any CPU
		{9A659299-87E8-493E-9DB4-8D89F48D5A71}.Release|Any CPU.ActiveCfg = Release|Any CPU
		{9A659299-87E8-493E-9DB4-8D89F48D5A71}.Release|Any CPU.Build.0 = Release|Any CPU
		{FD915763-01AE-4490-B093-9D37380374CE}.Debug|Any CPU.ActiveCfg = Debug|Any CPU
		{FD915763-01AE-4490-B093-9D37380374CE}.Debug|Any CPU.Build.0 = Debug|Any CPU
		{FD915763-01AE-4490-B093-9D37380374CE}.Release|Any CPU.ActiveCfg = Release|Any CPU
		{FD915763-01AE-4490-B093-9D37380374CE}.Release|Any CPU.Build.0 = Release|Any CPU
	EndGlobalSection
	GlobalSection(SolutionProperties) = preSolution
		HideSolutionNode = FALSE
	EndGlobalSection
	GlobalSection(NestedProjects) = preSolution
		{C3F895E0-DBCD-4C67-8546-9ADB0BA82A4C} = {F13994EA-0262-4B97-8D00-20A14CE78C69}
		{C88352C1-6B08-40BA-AC51-7B45B75C78F9} = {F13994EA-0262-4B97-8D00-20A14CE78C69}
		{9A659299-87E8-493E-9DB4-8D89F48D5A71} = {F13994EA-0262-4B97-8D00-20A14CE78C69}
		{FD915763-01AE-4490-B093-9D37380374CE} = {F13994EA-0262-4B97-8D00-20A14CE78C69}
	EndGlobalSection
	GlobalSection(ExtensibilityGlobals) = postSolution
		SolutionGuid = {7F9C7FA1-B6F5-41DE-AD35-8EFC4C108F35}
	EndGlobalSection
EndGlobal
